
Microsoft Visual Studio Solution File, Format Version 12.00
# Visual Studio Version 17
VisualStudioVersion = 17.3.32929.385
MinimumVisualStudioVersion = 10.0.40219.1
Project("{FAE04EC0-301F-11D3-BF4B-00C04F79EFBC}") = "Sistema Escolar", "Sistema Escolar.csproj", "{8C25682F-C3BB-4D6D-BE86-48FF20771608}"
EndProject
Global
	GlobalSection(SolutionConfigurationPlatforms) = preSolution
		Debug|Any CPU = Debug|Any CPU
		Release|Any CPU = Release|Any CPU
	EndGlobalSection
	GlobalSection(ProjectConfigurationPlatforms) = postSolution
		{8C25682F-C3BB-4D6D-BE86-48FF20771608}.Debug|Any CPU.ActiveCfg = Debug|Any CPU
		{8C25682F-C3BB-4D6D-BE86-48FF20771608}.Debug|Any CPU.Build.0 = Debug|Any CPU
		{8C25682F-C3BB-4D6D-BE86-48FF20771608}.Release|Any CPU.ActiveCfg = Release|Any CPU
		{8C25682F-C3BB-4D6D-BE86-48FF20771608}.Release|Any CPU.Build.0 = Release|Any CPU
	EndGlobalSection
	GlobalSection(SolutionProperties) = preSolution
		HideSolutionNode = FALSE
	EndGlobalSection
	GlobalSection(ExtensibilityGlobals) = postSolution
		SolutionGuid = {AD7DC780-349A-4AFF-AD46-EE031D317F73}
	EndGlobalSection
EndGlobal
